
Microsoft Visual Studio Solution File, Format Version 12.00
Project("{2150E333-8FDC-42A3-9474-1A3956D46DE8}") = "Core", "Core", "{58A14B20-0EF2-4608-A22A-8894DB1EFA27}"
EndProject
Project("{2150E333-8FDC-42A3-9474-1A3956D46DE8}") = "Currency", "Currency", "{F5A7B691-BCDD-43FF-BD08-AFD6B4773777}"
EndProject
Project("{2150E333-8FDC-42A3-9474-1A3956D46DE8}") = "User", "User", "{BDC58E42-19BD-4188-9D7D-7A6C1F7704AE}"
EndProject
Project("{FAE04EC0-301F-11D3-BF4B-00C04F79EFBC}") = "TrueCodeApp.Core.Domain", "TrueCodeApp.Core.Domain\TrueCodeApp.Core.Domain.csproj", "{D2E0FA47-5276-4B2D-945C-9CA654FC92BD}"
EndProject
Project("{FAE04EC0-301F-11D3-BF4B-00C04F79EFBC}") = "TrueCodeApp.Core.Infrastructure", "TrueCodeApp.Core.Infrastructure\TrueCodeApp.Core.Infrastructure.csproj", "{AAE50E63-E568-4D59-9305-056C8322FB88}"
EndProject
Project("{FAE04EC0-301F-11D3-BF4B-00C04F79EFBC}") = "TrueCodeApp.Core.Web", "TrueCodeApp.Core.Web\TrueCodeApp.Core.Web.csproj", "{88B93108-CBCB-41CF-AE88-8F3414584487}"
EndProject
Project("{FAE04EC0-301F-11D3-BF4B-00C04F79EFBC}") = "TrueCodeApp.Core.Startup", "TrueCodeApp.Core.Startup\TrueCodeApp.Core.Startup.csproj", "{729DC0B9-1784-4922-9F25-7A95BE928647}"
EndProject
Project("{FAE04EC0-301F-11D3-BF4B-00C04F79EFBC}") = "TrueCodeApp.Migrator", "TrueCodeApp.Migrator\TrueCodeApp.Migrator.csproj", "{7FCA8399-AF24-4F8C-B7CC-7365388A54B8}"
EndProject
Project("{FAE04EC0-301F-11D3-BF4B-00C04F79EFBC}") = "TrueCodeApp.User.Domain", "TrueCodeApp.User.Domain\TrueCodeApp.User.Domain.csproj", "{40F44092-12EA-4091-BF2D-D72252D49BA6}"
EndProject
Project("{FAE04EC0-301F-11D3-BF4B-00C04F79EFBC}") = "TrueCodeApp.User.Infrastructure", "TrueCodeApp.User.Infrastructure\TrueCodeApp.User.Infrastructure.csproj", "{09EDEF11-5525-45E2-B513-38C1BC3014B8}"
EndProject
Project("{FAE04EC0-301F-11D3-BF4B-00C04F79EFBC}") = "TrueCodeApp.User.Web", "TrueCodeApp.User.Web\TrueCodeApp.User.Web.csproj", "{97E44275-4B4D-4124-85A1-32B78ED92D64}"
EndProject
Project("{2150E333-8FDC-42A3-9474-1A3956D46DE8}") = "JobManager", "JobManager", "{B29BF328-5F43-4234-AECE-41D1DF4E03CC}"
EndProject
Project("{FAE04EC0-301F-11D3-BF4B-00C04F79EFBC}") = "TrueCodeApp.User.Startup", "TrueCodeApp.User.Startup\TrueCodeApp.User.Startup.csproj", "{C5B34238-7F0C-47DB-9FAE-FA5EFF4EA517}"
EndProject
Project("{FAE04EC0-301F-11D3-BF4B-00C04F79EFBC}") = "TrueCodeApp.Currency.Domain", "TrueCodeApp.Currency.Domain\TrueCodeApp.Currency.Domain.csproj", "{0EBCDFDB-CC1D-439E-818E-47D8EE12831A}"
EndProject
Project("{FAE04EC0-301F-11D3-BF4B-00C04F79EFBC}") = "TrueCodeApp.Currency.Infrastructure", "TrueCodeApp.Currency.Infrastructure\TrueCodeApp.Currency.Infrastructure.csproj", "{0021D3EE-DB51-417C-8A57-B798520F51E4}"
EndProject
Project("{FAE04EC0-301F-11D3-BF4B-00C04F79EFBC}") = "TrueCodeApp.Currency.Startup", "TrueCodeApp.Currency.Startup\TrueCodeApp.Currency.Startup.csproj", "{E36BBECA-D72B-4F38-9BB4-E70603BF741F}"
EndProject
Project("{FAE04EC0-301F-11D3-BF4B-00C04F79EFBC}") = "TrueCodeApp.Currency.Web", "TrueCodeApp.Currency.Web\TrueCodeApp.Currency.Web.csproj", "{1A4F9BE3-DF98-4330-B0FA-AF15826FF18A}"
EndProject
Project("{FAE04EC0-301F-11D3-BF4B-00C04F79EFBC}") = "TrueCodeApp.JobManager.Domain", "TrueCodeApp.JobManager.Domain\TrueCodeApp.JobManager.Domain.csproj", "{84EB2D77-979A-46FB-96CD-991A0F4CF6AF}"
EndProject
Project("{FAE04EC0-301F-11D3-BF4B-00C04F79EFBC}") = "TrueCodeApp.JobManager.Infrastructure", "TrueCodeApp.JobManager.Infrastructure\TrueCodeApp.JobManager.Infrastructure.csproj", "{81EF2357-95CF-4795-92DE-84A9E07A145F}"
EndProject
Project("{FAE04EC0-301F-11D3-BF4B-00C04F79EFBC}") = "TrueCodeApp.JobManager.Startup", "TrueCodeApp.JobManager.Startup\TrueCodeApp.JobManager.Startup.csproj", "{E056A610-AB6C-47E5-A6CF-5C8F006C4B39}"
EndProject
Project("{FAE04EC0-301F-11D3-BF4B-00C04F79EFBC}") = "TrueCodeApp.JobManager.Web", "TrueCodeApp.JobManager.Web\TrueCodeApp.JobManager.Web.csproj", "{DCBA88C9-4B01-4B2E-8B18-28285146DCAF}"
EndProject
Project("{FAE04EC0-301F-11D3-BF4B-00C04F79EFBC}") = "TrueCodeApp.User.Tests", "TrueCodeApp.User.Tests\TrueCodeApp.User.Tests.csproj", "{7C78F891-EC4C-4FBB-85CA-7B208B66971B}"
EndProject
Project("{FAE04EC0-301F-11D3-BF4B-00C04F79EFBC}") = "TrueCodeApp.Currency.Tests", "TrueCodeApp.Currency.Tests\TrueCodeApp.Currency.Tests.csproj", "{92F868D3-1F27-4A69-B209-16759AADC3AB}"
EndProject
Global
	GlobalSection(SolutionConfigurationPlatforms) = preSolution
		Debug|Any CPU = Debug|Any CPU
		Release|Any CPU = Release|Any CPU
	EndGlobalSection
	GlobalSection(NestedProjects) = preSolution
		{D2E0FA47-5276-4B2D-945C-9CA654FC92BD} = {58A14B20-0EF2-4608-A22A-8894DB1EFA27}
		{AAE50E63-E568-4D59-9305-056C8322FB88} = {58A14B20-0EF2-4608-A22A-8894DB1EFA27}
		{88B93108-CBCB-41CF-AE88-8F3414584487} = {58A14B20-0EF2-4608-A22A-8894DB1EFA27}
		{729DC0B9-1784-4922-9F25-7A95BE928647} = {58A14B20-0EF2-4608-A22A-8894DB1EFA27}
		{7FCA8399-AF24-4F8C-B7CC-7365388A54B8} = {58A14B20-0EF2-4608-A22A-8894DB1EFA27}
		{40F44092-12EA-4091-BF2D-D72252D49BA6} = {BDC58E42-19BD-4188-9D7D-7A6C1F7704AE}
		{09EDEF11-5525-45E2-B513-38C1BC3014B8} = {BDC58E42-19BD-4188-9D7D-7A6C1F7704AE}
		{97E44275-4B4D-4124-85A1-32B78ED92D64} = {BDC58E42-19BD-4188-9D7D-7A6C1F7704AE}
		{C5B34238-7F0C-47DB-9FAE-FA5EFF4EA517} = {BDC58E42-19BD-4188-9D7D-7A6C1F7704AE}
		{0EBCDFDB-CC1D-439E-818E-47D8EE12831A} = {F5A7B691-BCDD-43FF-BD08-AFD6B4773777}
		{0021D3EE-DB51-417C-8A57-B798520F51E4} = {F5A7B691-BCDD-43FF-BD08-AFD6B4773777}
		{E36BBECA-D72B-4F38-9BB4-E70603BF741F} = {F5A7B691-BCDD-43FF-BD08-AFD6B4773777}
		{1A4F9BE3-DF98-4330-B0FA-AF15826FF18A} = {F5A7B691-BCDD-43FF-BD08-AFD6B4773777}
		{84EB2D77-979A-46FB-96CD-991A0F4CF6AF} = {B29BF328-5F43-4234-AECE-41D1DF4E03CC}
		{81EF2357-95CF-4795-92DE-84A9E07A145F} = {B29BF328-5F43-4234-AECE-41D1DF4E03CC}
		{E056A610-AB6C-47E5-A6CF-5C8F006C4B39} = {B29BF328-5F43-4234-AECE-41D1DF4E03CC}
		{DCBA88C9-4B01-4B2E-8B18-28285146DCAF} = {B29BF328-5F43-4234-AECE-41D1DF4E03CC}
		{7C78F891-EC4C-4FBB-85CA-7B208B66971B} = {BDC58E42-19BD-4188-9D7D-7A6C1F7704AE}
		{92F868D3-1F27-4A69-B209-16759AADC3AB} = {F5A7B691-BCDD-43FF-BD08-AFD6B4773777}
	EndGlobalSection
	GlobalSection(ProjectConfigurationPlatforms) = postSolution
		{D2E0FA47-5276-4B2D-945C-9CA654FC92BD}.Debug|Any CPU.ActiveCfg = Debug|Any CPU
		{D2E0FA47-5276-4B2D-945C-9CA654FC92BD}.Debug|Any CPU.Build.0 = Debug|Any CPU
		{D2E0FA47-5276-4B2D-945C-9CA654FC92BD}.Release|Any CPU.ActiveCfg = Release|Any CPU
		{D2E0FA47-5276-4B2D-945C-9CA654FC92BD}.Release|Any CPU.Build.0 = Release|Any CPU
		{AAE50E63-E568-4D59-9305-056C8322FB88}.Debug|Any CPU.ActiveCfg = Debug|Any CPU
		{AAE50E63-E568-4D59-9305-056C8322FB88}.Debug|Any CPU.Build.0 = Debug|Any CPU
		{AAE50E63-E568-4D59-9305-056C8322FB88}.Release|Any CPU.ActiveCfg = Release|Any CPU
		{AAE50E63-E568-4D59-9305-056C8322FB88}.Release|Any CPU.Build.0 = Release|Any CPU
		{88B93108-CBCB-41CF-AE88-8F3414584487}.Debug|Any CPU.ActiveCfg = Debug|Any CPU
		{88B93108-CBCB-41CF-AE88-8F3414584487}.Debug|Any CPU.Build.0 = Debug|Any CPU
		{88B93108-CBCB-41CF-AE88-8F3414584487}.Release|Any CPU.ActiveCfg = Release|Any CPU
		{88B93108-CBCB-41CF-AE88-8F3414584487}.Release|Any CPU.Build.0 = Release|Any CPU
		{729DC0B9-1784-4922-9F25-7A95BE928647}.Debug|Any CPU.ActiveCfg = Debug|Any CPU
		{729DC0B9-1784-4922-9F25-7A95BE928647}.Debug|Any CPU.Build.0 = Debug|Any CPU
		{729DC0B9-1784-4922-9F25-7A95BE928647}.Release|Any CPU.ActiveCfg = Release|Any CPU
		{729DC0B9-1784-4922-9F25-7A95BE928647}.Release|Any CPU.Build.0 = Release|Any CPU
		{7FCA8399-AF24-4F8C-B7CC-7365388A54B8}.Debug|Any CPU.ActiveCfg = Debug|Any CPU
		{7FCA8399-AF24-4F8C-B7CC-7365388A54B8}.Debug|Any CPU.Build.0 = Debug|Any CPU
		{7FCA8399-AF24-4F8C-B7CC-7365388A54B8}.Release|Any CPU.ActiveCfg = Release|Any CPU
		{7FCA8399-AF24-4F8C-B7CC-7365388A54B8}.Release|Any CPU.Build.0 = Release|Any CPU
		{40F44092-12EA-4091-BF2D-D72252D49BA6}.Debug|Any CPU.ActiveCfg = Debug|Any CPU
		{40F44092-12EA-4091-BF2D-D72252D49BA6}.Debug|Any CPU.Build.0 = Debug|Any CPU
		{40F44092-12EA-4091-BF2D-D72252D49BA6}.Release|Any CPU.ActiveCfg = Release|Any CPU
		{40F44092-12EA-4091-BF2D-D72252D49BA6}.Release|Any CPU.Build.0 = Release|Any CPU
		{09EDEF11-5525-45E2-B513-38C1BC3014B8}.Debug|Any CPU.ActiveCfg = Debug|Any CPU
		{09EDEF11-5525-45E2-B513-38C1BC3014B8}.Debug|Any CPU.Build.0 = Debug|Any CPU
		{09EDEF11-5525-45E2-B513-38C1BC3014B8}.Release|Any CPU.ActiveCfg = Release|Any CPU
		{09EDEF11-5525-45E2-B513-38C1BC3014B8}.Release|Any CPU.Build.0 = Release|Any CPU
		{97E44275-4B4D-4124-85A1-32B78ED92D64}.Debug|Any CPU.ActiveCfg = Debug|Any CPU
		{97E44275-4B4D-4124-85A1-32B78ED92D64}.Debug|Any CPU.Build.0 = Debug|Any CPU
		{97E44275-4B4D-4124-85A1-32B78ED92D64}.Release|Any CPU.ActiveCfg = Release|Any CPU
		{97E44275-4B4D-4124-85A1-32B78ED92D64}.Release|Any CPU.Build.0 = Release|Any CPU
		{C5B34238-7F0C-47DB-9FAE-FA5EFF4EA517}.Debug|Any CPU.ActiveCfg = Debug|Any CPU
		{C5B34238-7F0C-47DB-9FAE-FA5EFF4EA517}.Debug|Any CPU.Build.0 = Debug|Any CPU
		{C5B34238-7F0C-47DB-9FAE-FA5EFF4EA517}.Release|Any CPU.ActiveCfg = Release|Any CPU
		{C5B34238-7F0C-47DB-9FAE-FA5EFF4EA517}.Release|Any CPU.Build.0 = Release|Any CPU
		{0EBCDFDB-CC1D-439E-818E-47D8EE12831A}.Debug|Any CPU.ActiveCfg = Debug|Any CPU
		{0EBCDFDB-CC1D-439E-818E-47D8EE12831A}.Debug|Any CPU.Build.0 = Debug|Any CPU
		{0EBCDFDB-CC1D-439E-818E-47D8EE12831A}.Release|Any CPU.ActiveCfg = Release|Any CPU
		{0EBCDFDB-CC1D-439E-818E-47D8EE12831A}.Release|Any CPU.Build.0 = Release|Any CPU
		{0021D3EE-DB51-417C-8A57-B798520F51E4}.Debug|Any CPU.ActiveCfg = Debug|Any CPU
		{0021D3EE-DB51-417C-8A57-B798520F51E4}.Debug|Any CPU.Build.0 = Debug|Any CPU
		{0021D3EE-DB51-417C-8A57-B798520F51E4}.Release|Any CPU.ActiveCfg = Release|Any CPU
		{0021D3EE-DB51-417C-8A57-B798520F51E4}.Release|Any CPU.Build.0 = Release|Any CPU
		{E36BBECA-D72B-4F38-9BB4-E70603BF741F}.Debug|Any CPU.ActiveCfg = Debug|Any CPU
		{E36BBECA-D72B-4F38-9BB4-E70603BF741F}.Debug|Any CPU.Build.0 = Debug|Any CPU
		{E36BBECA-D72B-4F38-9BB4-E70603BF741F}.Release|Any CPU.ActiveCfg = Release|Any CPU
		{E36BBECA-D72B-4F38-9BB4-E70603BF741F}.Release|Any CPU.Build.0 = Release|Any CPU
		{1A4F9BE3-DF98-4330-B0FA-AF15826FF18A}.Debug|Any CPU.ActiveCfg = Debug|Any CPU
		{1A4F9BE3-DF98-4330-B0FA-AF15826FF18A}.Debug|Any CPU.Build.0 = Debug|Any CPU
		{1A4F9BE3-DF98-4330-B0FA-AF15826FF18A}.Release|Any CPU.ActiveCfg = Release|Any CPU
		{1A4F9BE3-DF98-4330-B0FA-AF15826FF18A}.Release|Any CPU.Build.0 = Release|Any CPU
		{84EB2D77-979A-46FB-96CD-991A0F4CF6AF}.Debug|Any CPU.ActiveCfg = Debug|Any CPU
		{84EB2D77-979A-46FB-96CD-991A0F4CF6AF}.Debug|Any CPU.Build.0 = Debug|Any CPU
		{84EB2D77-979A-46FB-96CD-991A0F4CF6AF}.Release|Any CPU.ActiveCfg = Release|Any CPU
		{84EB2D77-979A-46FB-96CD-991A0F4CF6AF}.Release|Any CPU.Build.0 = Release|Any CPU
		{81EF2357-95CF-4795-92DE-84A9E07A145F}.Debug|Any CPU.ActiveCfg = Debug|Any CPU
		{81EF2357-95CF-4795-92DE-84A9E07A145F}.Debug|Any CPU.Build.0 = Debug|Any CPU
		{81EF2357-95CF-4795-92DE-84A9E07A145F}.Release|Any CPU.ActiveCfg = Release|Any CPU
		{81EF2357-95CF-4795-92DE-84A9E07A145F}.Release|Any CPU.Build.0 = Release|Any CPU
		{E056A610-AB6C-47E5-A6CF-5C8F006C4B39}.Debug|Any CPU.ActiveCfg = Debug|Any CPU
		{E056A610-AB6C-47E5-A6CF-5C8F006C4B39}.Debug|Any CPU.Build.0 = Debug|Any CPU
		{E056A610-AB6C-47E5-A6CF-5C8F006C4B39}.Release|Any CPU.ActiveCfg = Release|Any CPU
		{E056A610-AB6C-47E5-A6CF-5C8F006C4B39}.Release|Any CPU.Build.0 = Release|Any CPU
		{DCBA88C9-4B01-4B2E-8B18-28285146DCAF}.Debug|Any CPU.ActiveCfg = Debug|Any CPU
		{DCBA88C9-4B01-4B2E-8B18-28285146DCAF}.Debug|Any CPU.Build.0 = Debug|Any CPU
		{DCBA88C9-4B01-4B2E-8B18-28285146DCAF}.Release|Any CPU.ActiveCfg = Release|Any CPU
		{DCBA88C9-4B01-4B2E-8B18-28285146DCAF}.Release|Any CPU.Build.0 = Release|Any CPU
		{7C78F891-EC4C-4FBB-85CA-7B208B66971B}.Debug|Any CPU.ActiveCfg = Debug|Any CPU
		{7C78F891-EC4C-4FBB-85CA-7B208B66971B}.Debug|Any CPU.Build.0 = Debug|Any CPU
		{7C78F891-EC4C-4FBB-85CA-7B208B66971B}.Release|Any CPU.ActiveCfg = Release|Any CPU
		{7C78F891-EC4C-4FBB-85CA-7B208B66971B}.Release|Any CPU.Build.0 = Release|Any CPU
		{92F868D3-1F27-4A69-B209-16759AADC3AB}.Debug|Any CPU.ActiveCfg = Debug|Any CPU
		{92F868D3-1F27-4A69-B209-16759AADC3AB}.Debug|Any CPU.Build.0 = Debug|Any CPU
		{92F868D3-1F27-4A69-B209-16759AADC3AB}.Release|Any CPU.ActiveCfg = Release|Any CPU
		{92F868D3-1F27-4A69-B209-16759AADC3AB}.Release|Any CPU.Build.0 = Release|Any CPU
	EndGlobalSection
EndGlobal
